// !$*UTF8*$!
{
	archiveVersion = 1;
	classes = {
	};
	objectVersion = 52;
	objects = {

/* Begin PBXBuildFile section */
		BD0123E4251DB07700C79B06 /* CabinetDesicionViewController.swift in Sources */ = {isa = PBXBuildFile; fileRef = BD0123E3251DB07700C79B06 /* CabinetDesicionViewController.swift */; };
		BD0123E6251DB09D00C79B06 /* CabinetDecision.storyboard in Resources */ = {isa = PBXBuildFile; fileRef = BD0123E5251DB09D00C79B06 /* CabinetDecision.storyboard */; };
		BD0123E8251DB9B100C79B06 /* Dates.swift in Sources */ = {isa = PBXBuildFile; fileRef = BD0123E7251DB9B100C79B06 /* Dates.swift */; };
		BD0123EF251DBE7500C79B06 /* CustomCabinetDecisionTableCell.swift in Sources */ = {isa = PBXBuildFile; fileRef = BD0123ED251DBE7500C79B06 /* CustomCabinetDecisionTableCell.swift */; };
		BD0123F0251DBE7500C79B06 /* CustomCabinetDecisionTableCell.xib in Resources */ = {isa = PBXBuildFile; fileRef = BD0123EE251DBE7500C79B06 /* CustomCabinetDecisionTableCell.xib */; };
		BD1C50FA251C8CD300B0FA78 /* Reachability.swift in Sources */ = {isa = PBXBuildFile; fileRef = BD1C50F9251C8CD300B0FA78 /* Reachability.swift */; };
		BD2BD0AB250F850000C6798C /* CabinetMemosController.swift in Sources */ = {isa = PBXBuildFile; fileRef = BD2BD0AA250F850000C6798C /* CabinetMemosController.swift */; };
		BD41D2FE25189B9B007B4EE6 /* CabinetMemoDetailsObject.swift in Sources */ = {isa = PBXBuildFile; fileRef = BD41D2FD25189B9B007B4EE6 /* CabinetMemoDetailsObject.swift */; };
		BD41D3002518B58B007B4EE6 /* String+HTML.swift in Sources */ = {isa = PBXBuildFile; fileRef = BD41D2FF2518B58B007B4EE6 /* String+HTML.swift */; };
		BD41D3022519CB4F007B4EE6 /* ListAnnuxtures.swift in Sources */ = {isa = PBXBuildFile; fileRef = BD41D3012519CB4F007B4EE6 /* ListAnnuxtures.swift */; };
		BD41D3042519CC34007B4EE6 /* ListCabinetMemoTrackingHistoryLists.swift in Sources */ = {isa = PBXBuildFile; fileRef = BD41D3032519CC34007B4EE6 /* ListCabinetMemoTrackingHistoryLists.swift */; };
		BD41D3062519CCEC007B4EE6 /* ListConsiderationPoints.swift in Sources */ = {isa = PBXBuildFile; fileRef = BD41D3052519CCEC007B4EE6 /* ListConsiderationPoints.swift */; };
		BD41D309251A1F93007B4EE6 /* CabinetHistoryController.swift in Sources */ = {isa = PBXBuildFile; fileRef = BD41D308251A1F92007B4EE6 /* CabinetHistoryController.swift */; };
		BD41D30B251A1FE5007B4EE6 /* CabinetHistory.storyboard in Resources */ = {isa = PBXBuildFile; fileRef = BD41D30A251A1FE5007B4EE6 /* CabinetHistory.storyboard */; };
		BD4DA53C251B2A7A00A139B4 /* PostObject.swift in Sources */ = {isa = PBXBuildFile; fileRef = BD4DA53B251B2A7A00A139B4 /* PostObject.swift */; };
		BD4EDFD025BE91CC003CA5CE /* HamburgerViewController.swift in Sources */ = {isa = PBXBuildFile; fileRef = BD4EDFCF25BE91CC003CA5CE /* HamburgerViewController.swift */; };
		BD57AA2425137B5F008ED65C /* CabinetMemosStoryBoard.storyboard in Resources */ = {isa = PBXBuildFile; fileRef = BD57AA2325137B5F008ED65C /* CabinetMemosStoryBoard.storyboard */; };
		BD591AA3251322BA00880A25 /* CustomTableViewCell.swift in Sources */ = {isa = PBXBuildFile; fileRef = BD591AA1251322BA00880A25 /* CustomTableViewCell.swift */; };
		BD591AA4251322BA00880A25 /* CustomTableViewCell.xib in Resources */ = {isa = PBXBuildFile; fileRef = BD591AA2251322BA00880A25 /* CustomTableViewCell.xib */; };
		BD591AA62513456000880A25 /* CabinetMemo.swift in Sources */ = {isa = PBXBuildFile; fileRef = BD591AA52513456000880A25 /* CabinetMemo.swift */; };
		BD59B308250E0DC500A304E8 /* Poppins-SemiBold.ttf in Resources */ = {isa = PBXBuildFile; fileRef = BD59B307250E0DC500A304E8 /* Poppins-SemiBold.ttf */; };
		BD59B309250E0DC500A304E8 /* Poppins-SemiBold.ttf in Resources */ = {isa = PBXBuildFile; fileRef = BD59B307250E0DC500A304E8 /* Poppins-SemiBold.ttf */; };
		BD59B30A250E0DC500A304E8 /* Poppins-SemiBold.ttf in Resources */ = {isa = PBXBuildFile; fileRef = BD59B307250E0DC500A304E8 /* Poppins-SemiBold.ttf */; };
		BD59B311250E2BE300A304E8 /* UIView+Bordor.swift in Sources */ = {isa = PBXBuildFile; fileRef = BD59B310250E2BE300A304E8 /* UIView+Bordor.swift */; };
		BD59B312250E2BE300A304E8 /* UIView+Bordor.swift in Sources */ = {isa = PBXBuildFile; fileRef = BD59B310250E2BE300A304E8 /* UIView+Bordor.swift */; };
		BD59B313250E2BE300A304E8 /* UIView+Bordor.swift in Sources */ = {isa = PBXBuildFile; fileRef = BD59B310250E2BE300A304E8 /* UIView+Bordor.swift */; };
		BD671F8A250B8943002A9639 /* Assets.xcassets in Resources */ = {isa = PBXBuildFile; fileRef = BD671F89250B8943002A9639 /* Assets.xcassets */; };
		BD671F98250B8944002A9639 /* eCabinet1_0Tests.swift in Sources */ = {isa = PBXBuildFile; fileRef = BD671F97250B8944002A9639 /* eCabinet1_0Tests.swift */; };
		BD671FA3250B8945002A9639 /* eCabinet1_0UITests.swift in Sources */ = {isa = PBXBuildFile; fileRef = BD671FA2250B8945002A9639 /* eCabinet1_0UITests.swift */; };
		BD671FB3250B8A55002A9639 /* UIViewController.swift in Sources */ = {isa = PBXBuildFile; fileRef = BD671FB1250B8A55002A9639 /* UIViewController.swift */; };
		BD671FB4250B8A55002A9639 /* UIApplication.swift in Sources */ = {isa = PBXBuildFile; fileRef = BD671FB2250B8A55002A9639 /* UIApplication.swift */; };
		BD671FB7250B8A91002A9639 /* AppStoryboard.swift in Sources */ = {isa = PBXBuildFile; fileRef = BD671FB6250B8A91002A9639 /* AppStoryboard.swift */; };
		BD671FBB250B8B40002A9639 /* Login.storyboard in Resources */ = {isa = PBXBuildFile; fileRef = BD671FB9250B8B40002A9639 /* Login.storyboard */; };
		BD671FBC250B8B40002A9639 /* LoginViewController.swift in Sources */ = {isa = PBXBuildFile; fileRef = BD671FBA250B8B40002A9639 /* LoginViewController.swift */; };
		BD671FC0250B8B87002A9639 /* MainViewController.swift in Sources */ = {isa = PBXBuildFile; fileRef = BD671FBE250B8B87002A9639 /* MainViewController.swift */; };
		BD671FC1250B8B87002A9639 /* SplashViewController.swift in Sources */ = {isa = PBXBuildFile; fileRef = BD671FBF250B8B87002A9639 /* SplashViewController.swift */; };
		BD671FC3250B8BA5002A9639 /* Main.storyboard in Resources */ = {isa = PBXBuildFile; fileRef = BD671FC2250B8BA5002A9639 /* Main.storyboard */; };
		BD671FC5250B8C04002A9639 /* LaunchScreen.storyboard in Resources */ = {isa = PBXBuildFile; fileRef = BD671FC4250B8C04002A9639 /* LaunchScreen.storyboard */; };
		BD671FC7250B8CFD002A9639 /* AppDelegate.swift in Sources */ = {isa = PBXBuildFile; fileRef = BD671FC6250B8CFD002A9639 /* AppDelegate.swift */; };
		BD671FCA250B8DAA002A9639 /* AlertViewController.swift in Sources */ = {isa = PBXBuildFile; fileRef = BD671FC9250B8DAA002A9639 /* AlertViewController.swift */; };
		BD671FCD250B8DE4002A9639 /* TaskType.swift in Sources */ = {isa = PBXBuildFile; fileRef = BD671FCC250B8DE3002A9639 /* TaskType.swift */; };
		BD671FCF250B8DFB002A9639 /* String+Base64Encode_Decode.swift in Sources */ = {isa = PBXBuildFile; fileRef = BD671FCE250B8DFB002A9639 /* String+Base64Encode_Decode.swift */; };
		BD671FDB250B8E30002A9639 /* LoggedInUser.swift in Sources */ = {isa = PBXBuildFile; fileRef = BD671FD1250B8E2F002A9639 /* LoggedInUser.swift */; };
		BD671FDC250B8E30002A9639 /* SavedUser.swift in Sources */ = {isa = PBXBuildFile; fileRef = BD671FD2250B8E2F002A9639 /* SavedUser.swift */; };
		BD671FDD250B8E30002A9639 /* Departments.swift in Sources */ = {isa = PBXBuildFile; fileRef = BD671FD3250B8E2F002A9639 /* Departments.swift */; };
		BD671FDE250B8E30002A9639 /* GetPojo.swift in Sources */ = {isa = PBXBuildFile; fileRef = BD671FD4250B8E2F002A9639 /* GetPojo.swift */; };
		BD671FDF250B8E30002A9639 /* Branches.swift in Sources */ = {isa = PBXBuildFile; fileRef = BD671FD5250B8E2F002A9639 /* Branches.swift */; };
		BD671FE0250B8E30002A9639 /* StatusMessage.swift in Sources */ = {isa = PBXBuildFile; fileRef = BD671FD6250B8E2F002A9639 /* StatusMessage.swift */; };
		BD671FE1250B8E30002A9639 /* Roles.swift in Sources */ = {isa = PBXBuildFile; fileRef = BD671FD7250B8E30002A9639 /* Roles.swift */; };
		BD671FE2250B8E30002A9639 /* LoggedInUserDepartments.swift in Sources */ = {isa = PBXBuildFile; fileRef = BD671FD8250B8E30002A9639 /* LoggedInUserDepartments.swift */; };
		BD671FE3250B8E30002A9639 /* RsponseObject.swift in Sources */ = {isa = PBXBuildFile; fileRef = BD671FD9250B8E30002A9639 /* RsponseObject.swift */; };
		BD671FE4250B8E30002A9639 /* UserViaRoles.swift in Sources */ = {isa = PBXBuildFile; fileRef = BD671FDA250B8E30002A9639 /* UserViaRoles.swift */; };
		BD671FE7250B8E5C002A9639 /* NetworkUtility.swift in Sources */ = {isa = PBXBuildFile; fileRef = BD671FE6250B8E5C002A9639 /* NetworkUtility.swift */; };
		BD671FEA250B8E8E002A9639 /* AlertService.swift in Sources */ = {isa = PBXBuildFile; fileRef = BD671FE9250B8E8E002A9639 /* AlertService.swift */; };
		BD671FEF250B8EC3002A9639 /* ViewControllerUtils.swift in Sources */ = {isa = PBXBuildFile; fileRef = BD671FEC250B8EC3002A9639 /* ViewControllerUtils.swift */; };
		BD671FF0250B8EC3002A9639 /* Constants.swift in Sources */ = {isa = PBXBuildFile; fileRef = BD671FED250B8EC3002A9639 /* Constants.swift */; };
		BD671FF1250B8EC3002A9639 /* UtilitiesApp.swift in Sources */ = {isa = PBXBuildFile; fileRef = BD671FEE250B8EC3002A9639 /* UtilitiesApp.swift */; };
		BD671FF4250B8EE5002A9639 /* AlertStoryboard.storyboard in Resources */ = {isa = PBXBuildFile; fileRef = BD671FF3250B8EE5002A9639 /* AlertStoryboard.storyboard */; };
		BD6AC87B25BD943800DA5BCC /* ImageSlideshow/Kingfisher in Frameworks */ = {isa = PBXBuildFile; productRef = BD6AC87A25BD943800DA5BCC /* ImageSlideshow/Kingfisher */; };
		BD6AC87D25BD943800DA5BCC /* ImageSlideshow/SDWebImage in Frameworks */ = {isa = PBXBuildFile; productRef = BD6AC87C25BD943800DA5BCC /* ImageSlideshow/SDWebImage */; };
		BD6AC87F25BD943800DA5BCC /* ImageSlideshow/Alamofire in Frameworks */ = {isa = PBXBuildFile; productRef = BD6AC87E25BD943800DA5BCC /* ImageSlideshow/Alamofire */; };
		BD6AC88125BD943800DA5BCC /* ImageSlideshow in Frameworks */ = {isa = PBXBuildFile; productRef = BD6AC88025BD943800DA5BCC /* ImageSlideshow */; };
		BD74746025BF230300B62B98 /* ImageView+Insets.swift in Sources */ = {isa = PBXBuildFile; fileRef = BD74745F25BF230300B62B98 /* ImageView+Insets.swift */; };
		BD831F5F25147B7E00AD3206 /* CabinetMemoDetailsController.swift in Sources */ = {isa = PBXBuildFile; fileRef = BD831F5E25147B7E00AD3206 /* CabinetMemoDetailsController.swift */; };
		BD831F6125147BAD00AD3206 /* CabinetMemoDetailsStoryBoard.storyboard in Resources */ = {isa = PBXBuildFile; fileRef = BD831F6025147BAD00AD3206 /* CabinetMemoDetailsStoryBoard.storyboard */; };
		BD853329251F399000156C5B /* FileDownloader.swift in Sources */ = {isa = PBXBuildFile; fileRef = BD853328251F399000156C5B /* FileDownloader.swift */; };
		BD87A31A252419D40074FE69 /* TextFieldSize.swift in Sources */ = {isa = PBXBuildFile; fileRef = BD87A319252419D40074FE69 /* TextFieldSize.swift */; };
		BD9FA9C1252021EB00A11A25 /* URL+Validation.swift in Sources */ = {isa = PBXBuildFile; fileRef = BD9FA9C0252021EA00A11A25 /* URL+Validation.swift */; };
		BD9FA9CC25202BBE00A11A25 /* DownloadManager.swift in Sources */ = {isa = PBXBuildFile; fileRef = BD9FA9CB25202BBE00A11A25 /* DownloadManager.swift */; };
		BD9FA9D02520369300A11A25 /* SDDownloadObject.swift in Sources */ = {isa = PBXBuildFile; fileRef = BD9FA9CD2520369300A11A25 /* SDDownloadObject.swift */; };
		BD9FA9D12520369300A11A25 /* SDFileUtils.swift in Sources */ = {isa = PBXBuildFile; fileRef = BD9FA9CE2520369300A11A25 /* SDFileUtils.swift */; };
		BD9FA9D22520369300A11A25 /* SDDownloadManager.swift in Sources */ = {isa = PBXBuildFile; fileRef = BD9FA9CF2520369300A11A25 /* SDDownloadManager.swift */; };
		BD9FA9D4252048BA00A11A25 /* DownloadAlert.swift in Sources */ = {isa = PBXBuildFile; fileRef = BD9FA9D3252048BA00A11A25 /* DownloadAlert.swift */; };
		BD9FA9D6252048F500A11A25 /* DownloadAlert.storyboard in Resources */ = {isa = PBXBuildFile; fileRef = BD9FA9D5252048F500A11A25 /* DownloadAlert.storyboard */; };
		BD9FA9D825204F1700A11A25 /* DownloadServiceDialog.swift in Sources */ = {isa = PBXBuildFile; fileRef = BD9FA9D725204F1700A11A25 /* DownloadServiceDialog.swift */; };
		BDA05101251A26A700FA5F51 /* CabinetHistoryTableViewCell.swift in Sources */ = {isa = PBXBuildFile; fileRef = BDA050FF251A26A700FA5F51 /* CabinetHistoryTableViewCell.swift */; };
		BDA05102251A26A700FA5F51 /* CabinetHistoryTableViewCell.xib in Resources */ = {isa = PBXBuildFile; fileRef = BDA05100251A26A700FA5F51 /* CabinetHistoryTableViewCell.xib */; };
		BDA05105251AFFF900FA5F51 /* MemoAttachmentsController.swift in Sources */ = {isa = PBXBuildFile; fileRef = BDA05104251AFFF900FA5F51 /* MemoAttachmentsController.swift */; };
		BDA05107251B001500FA5F51 /* MemoAttachments.storyboard in Resources */ = {isa = PBXBuildFile; fileRef = BDA05106251B001500FA5F51 /* MemoAttachments.storyboard */; };
		BDA0510A251B014300FA5F51 /* AttachmentTableViewCell.swift in Sources */ = {isa = PBXBuildFile; fileRef = BDA05108251B014300FA5F51 /* AttachmentTableViewCell.swift */; };
		BDA0510B251B014300FA5F51 /* AttachmentTableViewCell.xib in Resources */ = {isa = PBXBuildFile; fileRef = BDA05109251B014300FA5F51 /* AttachmentTableViewCell.xib */; };
		BDADE127250DDC34006244FB /* Menu.swift in Sources */ = {isa = PBXBuildFile; fileRef = BDADE126250DDC34006244FB /* Menu.swift */; };
		BDFB341E250C76920044BE8D /* ImageView+URL.swift in Sources */ = {isa = PBXBuildFile; fileRef = BDFB341D250C76920044BE8D /* ImageView+URL.swift */; };
		BDFB3421250C7A0D0044BE8D /* Kingfisher in Frameworks */ = {isa = PBXBuildFile; productRef = BDFB3420250C7A0D0044BE8D /* Kingfisher */; };
		BDFB3423250C7A0D0044BE8D /* KingfisherSwiftUI in Frameworks */ = {isa = PBXBuildFile; productRef = BDFB3422250C7A0D0044BE8D /* KingfisherSwiftUI */; };
		BDFB3426250CE73A0044BE8D /* CollectionViewCell.swift in Sources */ = {isa = PBXBuildFile; fileRef = BDFB3424250CE73A0044BE8D /* CollectionViewCell.swift */; };
		BDFB3427250CE73A0044BE8D /* CollectionViewCell.xib in Resources */ = {isa = PBXBuildFile; fileRef = BDFB3425250CE73A0044BE8D /* CollectionViewCell.xib */; };
/* End PBXBuildFile section */

/* Begin PBXContainerItemProxy section */
		BD671F94250B8944002A9639 /* PBXContainerItemProxy */ = {
			isa = PBXContainerItemProxy;
			containerPortal = BD671F75250B893B002A9639 /* Project object */;
			proxyType = 1;
			remoteGlobalIDString = BD671F7C250B893B002A9639;
			remoteInfo = eCabinet1.0;
		};
		BD671F9F250B8945002A9639 /* PBXContainerItemProxy */ = {
			isa = PBXContainerItemProxy;
			containerPortal = BD671F75250B893B002A9639 /* Project object */;
			proxyType = 1;
			remoteGlobalIDString = BD671F7C250B893B002A9639;
			remoteInfo = eCabinet1.0;
		};
/* End PBXContainerItemProxy section */

/* Begin PBXFileReference section */
		BD0123E3251DB07700C79B06 /* CabinetDesicionViewController.swift */ = {isa = PBXFileReference; lastKnownFileType = sourcecode.swift; path = CabinetDesicionViewController.swift; sourceTree = "<group>"; };
		BD0123E5251DB09D00C79B06 /* CabinetDecision.storyboard */ = {isa = PBXFileReference; lastKnownFileType = file.storyboard; path = CabinetDecision.storyboard; sourceTree = "<group>"; };
		BD0123E7251DB9B100C79B06 /* Dates.swift */ = {isa = PBXFileReference; lastKnownFileType = sourcecode.swift; path = Dates.swift; sourceTree = "<group>"; };
		BD0123ED251DBE7500C79B06 /* CustomCabinetDecisionTableCell.swift */ = {isa = PBXFileReference; lastKnownFileType = sourcecode.swift; path = CustomCabinetDecisionTableCell.swift; sourceTree = "<group>"; };
		BD0123EE251DBE7500C79B06 /* CustomCabinetDecisionTableCell.xib */ = {isa = PBXFileReference; lastKnownFileType = file.xib; path = CustomCabinetDecisionTableCell.xib; sourceTree = "<group>"; };
		BD1C50F9251C8CD300B0FA78 /* Reachability.swift */ = {isa = PBXFileReference; lastKnownFileType = sourcecode.swift; path = Reachability.swift; sourceTree = "<group>"; };
		BD2BD0AA250F850000C6798C /* CabinetMemosController.swift */ = {isa = PBXFileReference; lastKnownFileType = sourcecode.swift; path = CabinetMemosController.swift; sourceTree = "<group>"; };
		BD41D2FD25189B9B007B4EE6 /* CabinetMemoDetailsObject.swift */ = {isa = PBXFileReference; lastKnownFileType = sourcecode.swift; path = CabinetMemoDetailsObject.swift; sourceTree = "<group>"; };
		BD41D2FF2518B58B007B4EE6 /* String+HTML.swift */ = {isa = PBXFileReference; lastKnownFileType = sourcecode.swift; path = "String+HTML.swift"; sourceTree = "<group>"; };
		BD41D3012519CB4F007B4EE6 /* ListAnnuxtures.swift */ = {isa = PBXFileReference; lastKnownFileType = sourcecode.swift; path = ListAnnuxtures.swift; sourceTree = "<group>"; };
		BD41D3032519CC34007B4EE6 /* ListCabinetMemoTrackingHistoryLists.swift */ = {isa = PBXFileReference; lastKnownFileType = sourcecode.swift; path = ListCabinetMemoTrackingHistoryLists.swift; sourceTree = "<group>"; };
		BD41D3052519CCEC007B4EE6 /* ListConsiderationPoints.swift */ = {isa = PBXFileReference; lastKnownFileType = sourcecode.swift; path = ListConsiderationPoints.swift; sourceTree = "<group>"; };
		BD41D308251A1F92007B4EE6 /* CabinetHistoryController.swift */ = {isa = PBXFileReference; lastKnownFileType = sourcecode.swift; path = CabinetHistoryController.swift; sourceTree = "<group>"; };
		BD41D30A251A1FE5007B4EE6 /* CabinetHistory.storyboard */ = {isa = PBXFileReference; lastKnownFileType = file.storyboard; path = CabinetHistory.storyboard; sourceTree = "<group>"; };
		BD4DA53B251B2A7A00A139B4 /* PostObject.swift */ = {isa = PBXFileReference; lastKnownFileType = sourcecode.swift; path = PostObject.swift; sourceTree = "<group>"; };
		BD4EDFCF25BE91CC003CA5CE /* HamburgerViewController.swift */ = {isa = PBXFileReference; lastKnownFileType = sourcecode.swift; path = HamburgerViewController.swift; sourceTree = "<group>"; };
		BD57AA2325137B5F008ED65C /* CabinetMemosStoryBoard.storyboard */ = {isa = PBXFileReference; lastKnownFileType = file.storyboard; path = CabinetMemosStoryBoard.storyboard; sourceTree = "<group>"; };
		BD591AA1251322BA00880A25 /* CustomTableViewCell.swift */ = {isa = PBXFileReference; lastKnownFileType = sourcecode.swift; path = CustomTableViewCell.swift; sourceTree = "<group>"; };
		BD591AA2251322BA00880A25 /* CustomTableViewCell.xib */ = {isa = PBXFileReference; lastKnownFileType = file.xib; path = CustomTableViewCell.xib; sourceTree = "<group>"; };
		BD591AA52513456000880A25 /* CabinetMemo.swift */ = {isa = PBXFileReference; lastKnownFileType = sourcecode.swift; path = CabinetMemo.swift; sourceTree = "<group>"; };
		BD59B307250E0DC500A304E8 /* Poppins-SemiBold.ttf */ = {isa = PBXFileReference; lastKnownFileType = file; path = "Poppins-SemiBold.ttf"; sourceTree = "<group>"; };
		BD59B310250E2BE300A304E8 /* UIView+Bordor.swift */ = {isa = PBXFileReference; lastKnownFileType = sourcecode.swift; path = "UIView+Bordor.swift"; sourceTree = "<group>"; };
		BD671F7D250B893B002A9639 /* eCabinet1.0.app */ = {isa = PBXFileReference; explicitFileType = wrapper.application; includeInIndex = 0; path = eCabinet1.0.app; sourceTree = BUILT_PRODUCTS_DIR; };
		BD671F89250B8943002A9639 /* Assets.xcassets */ = {isa = PBXFileReference; lastKnownFileType = folder.assetcatalog; path = Assets.xcassets; sourceTree = "<group>"; };
		BD671F8E250B8943002A9639 /* Info.plist */ = {isa = PBXFileReference; lastKnownFileType = text.plist.xml; path = Info.plist; sourceTree = "<group>"; };
		BD671F93250B8944002A9639 /* eCabinet1.0Tests.xctest */ = {isa = PBXFileReference; explicitFileType = wrapper.cfbundle; includeInIndex = 0; path = eCabinet1.0Tests.xctest; sourceTree = BUILT_PRODUCTS_DIR; };
		BD671F97250B8944002A9639 /* eCabinet1_0Tests.swift */ = {isa = PBXFileReference; lastKnownFileType = sourcecode.swift; path = eCabinet1_0Tests.swift; sourceTree = "<group>"; };
		BD671F99250B8945002A9639 /* Info.plist */ = {isa = PBXFileReference; lastKnownFileType = text.plist.xml; path = Info.plist; sourceTree = "<group>"; };
		BD671F9E250B8945002A9639 /* eCabinet1.0UITests.xctest */ = {isa = PBXFileReference; explicitFileType = wrapper.cfbundle; includeInIndex = 0; path = eCabinet1.0UITests.xctest; sourceTree = BUILT_PRODUCTS_DIR; };
		BD671FA2250B8945002A9639 /* eCabinet1_0UITests.swift */ = {isa = PBXFileReference; lastKnownFileType = sourcecode.swift; path = eCabinet1_0UITests.swift; sourceTree = "<group>"; };
		BD671FA4250B8945002A9639 /* Info.plist */ = {isa = PBXFileReference; lastKnownFileType = text.plist.xml; path = Info.plist; sourceTree = "<group>"; };
		BD671FB1250B8A55002A9639 /* UIViewController.swift */ = {isa = PBXFileReference; fileEncoding = 4; lastKnownFileType = sourcecode.swift; path = UIViewController.swift; sourceTree = "<group>"; };
		BD671FB2250B8A55002A9639 /* UIApplication.swift */ = {isa = PBXFileReference; fileEncoding = 4; lastKnownFileType = sourcecode.swift; path = UIApplication.swift; sourceTree = "<group>"; };
		BD671FB6250B8A91002A9639 /* AppStoryboard.swift */ = {isa = PBXFileReference; fileEncoding = 4; lastKnownFileType = sourcecode.swift; path = AppStoryboard.swift; sourceTree = "<group>"; };
		BD671FB9250B8B40002A9639 /* Login.storyboard */ = {isa = PBXFileReference; fileEncoding = 4; lastKnownFileType = file.storyboard; path = Login.storyboard; sourceTree = "<group>"; };
		BD671FBA250B8B40002A9639 /* LoginViewController.swift */ = {isa = PBXFileReference; fileEncoding = 4; lastKnownFileType = sourcecode.swift; path = LoginViewController.swift; sourceTree = "<group>"; };
		BD671FBE250B8B87002A9639 /* MainViewController.swift */ = {isa = PBXFileReference; fileEncoding = 4; lastKnownFileType = sourcecode.swift; path = MainViewController.swift; sourceTree = "<group>"; };
		BD671FBF250B8B87002A9639 /* SplashViewController.swift */ = {isa = PBXFileReference; fileEncoding = 4; lastKnownFileType = sourcecode.swift; path = SplashViewController.swift; sourceTree = "<group>"; };
		BD671FC2250B8BA5002A9639 /* Main.storyboard */ = {isa = PBXFileReference; fileEncoding = 4; lastKnownFileType = file.storyboard; path = Main.storyboard; sourceTree = "<group>"; };
		BD671FC4250B8C04002A9639 /* LaunchScreen.storyboard */ = {isa = PBXFileReference; fileEncoding = 4; lastKnownFileType = file.storyboard; path = LaunchScreen.storyboard; sourceTree = "<group>"; };
		BD671FC6250B8CFD002A9639 /* AppDelegate.swift */ = {isa = PBXFileReference; fileEncoding = 4; lastKnownFileType = sourcecode.swift; path = AppDelegate.swift; sourceTree = "<group>"; };
		BD671FC9250B8DAA002A9639 /* AlertViewController.swift */ = {isa = PBXFileReference; fileEncoding = 4; lastKnownFileType = sourcecode.swift; path = AlertViewController.swift; sourceTree = "<group>"; };
		BD671FCC250B8DE3002A9639 /* TaskType.swift */ = {isa = PBXFileReference; fileEncoding = 4; lastKnownFileType = sourcecode.swift; path = TaskType.swift; sourceTree = "<group>"; };
		BD671FCE250B8DFB002A9639 /* String+Base64Encode_Decode.swift */ = {isa = PBXFileReference; fileEncoding = 4; lastKnownFileType = sourcecode.swift; path = "String+Base64Encode_Decode.swift"; sourceTree = "<group>"; };
		BD671FD1250B8E2F002A9639 /* LoggedInUser.swift */ = {isa = PBXFileReference; fileEncoding = 4; lastKnownFileType = sourcecode.swift; path = LoggedInUser.swift; sourceTree = "<group>"; };
		BD671FD2250B8E2F002A9639 /* SavedUser.swift */ = {isa = PBXFileReference; fileEncoding = 4; lastKnownFileType = sourcecode.swift; path = SavedUser.swift; sourceTree = "<group>"; };
		BD671FD3250B8E2F002A9639 /* Departments.swift */ = {isa = PBXFileReference; fileEncoding = 4; lastKnownFileType = sourcecode.swift; path = Departments.swift; sourceTree = "<group>"; };
		BD671FD4250B8E2F002A9639 /* GetPojo.swift */ = {isa = PBXFileReference; fileEncoding = 4; lastKnownFileType = sourcecode.swift; path = GetPojo.swift; sourceTree = "<group>"; };
		BD671FD5250B8E2F002A9639 /* Branches.swift */ = {isa = PBXFileReference; fileEncoding = 4; lastKnownFileType = sourcecode.swift; path = Branches.swift; sourceTree = "<group>"; };
		BD671FD6250B8E2F002A9639 /* StatusMessage.swift */ = {isa = PBXFileReference; fileEncoding = 4; lastKnownFileType = sourcecode.swift; path = StatusMessage.swift; sourceTree = "<group>"; };
		BD671FD7250B8E30002A9639 /* Roles.swift */ = {isa = PBXFileReference; fileEncoding = 4; lastKnownFileType = sourcecode.swift; path = Roles.swift; sourceTree = "<group>"; };
		BD671FD8250B8E30002A9639 /* LoggedInUserDepartments.swift */ = {isa = PBXFileReference; fileEncoding = 4; lastKnownFileType = sourcecode.swift; path = LoggedInUserDepartments.swift; sourceTree = "<group>"; };
		BD671FD9250B8E30002A9639 /* RsponseObject.swift */ = {isa = PBXFileReference; fileEncoding = 4; lastKnownFileType = sourcecode.swift; path = RsponseObject.swift; sourceTree = "<group>"; };
		BD671FDA250B8E30002A9639 /* UserViaRoles.swift */ = {isa = PBXFileReference; fileEncoding = 4; lastKnownFileType = sourcecode.swift; path = UserViaRoles.swift; sourceTree = "<group>"; };
		BD671FE6250B8E5C002A9639 /* NetworkUtility.swift */ = {isa = PBXFileReference; fileEncoding = 4; lastKnownFileType = sourcecode.swift; path = NetworkUtility.swift; sourceTree = "<group>"; };
		BD671FE9250B8E8E002A9639 /* AlertService.swift */ = {isa = PBXFileReference; fileEncoding = 4; lastKnownFileType = sourcecode.swift; path = AlertService.swift; sourceTree = "<group>"; };
		BD671FEC250B8EC3002A9639 /* ViewControllerUtils.swift */ = {isa = PBXFileReference; fileEncoding = 4; lastKnownFileType = sourcecode.swift; path = ViewControllerUtils.swift; sourceTree = "<group>"; };
		BD671FED250B8EC3002A9639 /* Constants.swift */ = {isa = PBXFileReference; fileEncoding = 4; lastKnownFileType = sourcecode.swift; path = Constants.swift; sourceTree = "<group>"; };
		BD671FEE250B8EC3002A9639 /* UtilitiesApp.swift */ = {isa = PBXFileReference; fileEncoding = 4; lastKnownFileType = sourcecode.swift; path = UtilitiesApp.swift; sourceTree = "<group>"; };
		BD671FF3250B8EE5002A9639 /* AlertStoryboard.storyboard */ = {isa = PBXFileReference; fileEncoding = 4; lastKnownFileType = file.storyboard; path = AlertStoryboard.storyboard; sourceTree = "<group>"; };
		BD74745F25BF230300B62B98 /* ImageView+Insets.swift */ = {isa = PBXFileReference; lastKnownFileType = sourcecode.swift; path = "ImageView+Insets.swift"; sourceTree = "<group>"; };
		BD831F5E25147B7E00AD3206 /* CabinetMemoDetailsController.swift */ = {isa = PBXFileReference; lastKnownFileType = sourcecode.swift; path = CabinetMemoDetailsController.swift; sourceTree = "<group>"; };
		BD831F6025147BAD00AD3206 /* CabinetMemoDetailsStoryBoard.storyboard */ = {isa = PBXFileReference; lastKnownFileType = file.storyboard; path = CabinetMemoDetailsStoryBoard.storyboard; sourceTree = "<group>"; };
		BD853328251F399000156C5B /* FileDownloader.swift */ = {isa = PBXFileReference; lastKnownFileType = sourcecode.swift; path = FileDownloader.swift; sourceTree = "<group>"; };
		BD87A319252419D40074FE69 /* TextFieldSize.swift */ = {isa = PBXFileReference; lastKnownFileType = sourcecode.swift; path = TextFieldSize.swift; sourceTree = "<group>"; };
		BD9FA9C0252021EA00A11A25 /* URL+Validation.swift */ = {isa = PBXFileReference; lastKnownFileType = sourcecode.swift; path = "URL+Validation.swift"; sourceTree = "<group>"; };
		BD9FA9CB25202BBE00A11A25 /* DownloadManager.swift */ = {isa = PBXFileReference; fileEncoding = 4; lastKnownFileType = sourcecode.swift; path = DownloadManager.swift; sourceTree = "<group>"; };
		BD9FA9CD2520369300A11A25 /* SDDownloadObject.swift */ = {isa = PBXFileReference; fileEncoding = 4; lastKnownFileType = sourcecode.swift; path = SDDownloadObject.swift; sourceTree = "<group>"; };
		BD9FA9CE2520369300A11A25 /* SDFileUtils.swift */ = {isa = PBXFileReference; fileEncoding = 4; lastKnownFileType = sourcecode.swift; path = SDFileUtils.swift; sourceTree = "<group>"; };
		BD9FA9CF2520369300A11A25 /* SDDownloadManager.swift */ = {isa = PBXFileReference; fileEncoding = 4; lastKnownFileType = sourcecode.swift; path = SDDownloadManager.swift; sourceTree = "<group>"; };
		BD9FA9D3252048BA00A11A25 /* DownloadAlert.swift */ = {isa = PBXFileReference; lastKnownFileType = sourcecode.swift; path = DownloadAlert.swift; sourceTree = "<group>"; };
		BD9FA9D5252048F500A11A25 /* DownloadAlert.storyboard */ = {isa = PBXFileReference; lastKnownFileType = file.storyboard; path = DownloadAlert.storyboard; sourceTree = "<group>"; };
		BD9FA9D725204F1700A11A25 /* DownloadServiceDialog.swift */ = {isa = PBXFileReference; lastKnownFileType = sourcecode.swift; path = DownloadServiceDialog.swift; sourceTree = "<group>"; };
		BDA050FF251A26A700FA5F51 /* CabinetHistoryTableViewCell.swift */ = {isa = PBXFileReference; lastKnownFileType = sourcecode.swift; path = CabinetHistoryTableViewCell.swift; sourceTree = "<group>"; };
		BDA05100251A26A700FA5F51 /* CabinetHistoryTableViewCell.xib */ = {isa = PBXFileReference; lastKnownFileType = file.xib; path = CabinetHistoryTableViewCell.xib; sourceTree = "<group>"; };
		BDA05104251AFFF900FA5F51 /* MemoAttachmentsController.swift */ = {isa = PBXFileReference; lastKnownFileType = sourcecode.swift; path = MemoAttachmentsController.swift; sourceTree = "<group>"; };
		BDA05106251B001500FA5F51 /* MemoAttachments.storyboard */ = {isa = PBXFileReference; lastKnownFileType = file.storyboard; path = MemoAttachments.storyboard; sourceTree = "<group>"; };
		BDA05108251B014300FA5F51 /* AttachmentTableViewCell.swift */ = {isa = PBXFileReference; lastKnownFileType = sourcecode.swift; path = AttachmentTableViewCell.swift; sourceTree = "<group>"; };
		BDA05109251B014300FA5F51 /* AttachmentTableViewCell.xib */ = {isa = PBXFileReference; lastKnownFileType = file.xib; path = AttachmentTableViewCell.xib; sourceTree = "<group>"; };
		BDADE126250DDC34006244FB /* Menu.swift */ = {isa = PBXFileReference; lastKnownFileType = sourcecode.swift; path = Menu.swift; sourceTree = "<group>"; };
		BDFB341D250C76920044BE8D /* ImageView+URL.swift */ = {isa = PBXFileReference; lastKnownFileType = sourcecode.swift; path = "ImageView+URL.swift"; sourceTree = "<group>"; };
		BDFB3424250CE73A0044BE8D /* CollectionViewCell.swift */ = {isa = PBXFileReference; lastKnownFileType = sourcecode.swift; path = CollectionViewCell.swift; sourceTree = "<group>"; };
		BDFB3425250CE73A0044BE8D /* CollectionViewCell.xib */ = {isa = PBXFileReference; lastKnownFileType = file.xib; path = CollectionViewCell.xib; sourceTree = "<group>"; };
/* End PBXFileReference section */

/* Begin PBXFrameworksBuildPhase section */
		BD671F7A250B893B002A9639 /* Frameworks */ = {
			isa = PBXFrameworksBuildPhase;
			buildActionMask = 2147483647;
			files = (
				BDFB3423250C7A0D0044BE8D /* KingfisherSwiftUI in Frameworks */,
				BD6AC87D25BD943800DA5BCC /* ImageSlideshow/SDWebImage in Frameworks */,
				BD6AC87F25BD943800DA5BCC /* ImageSlideshow/Alamofire in Frameworks */,
				BD6AC88125BD943800DA5BCC /* ImageSlideshow in Frameworks */,
				BD6AC87B25BD943800DA5BCC /* ImageSlideshow/Kingfisher in Frameworks */,
				BDFB3421250C7A0D0044BE8D /* Kingfisher in Frameworks */,
			);
			runOnlyForDeploymentPostprocessing = 0;
		};
		BD671F90250B8944002A9639 /* Frameworks */ = {
			isa = PBXFrameworksBuildPhase;
			buildActionMask = 2147483647;
			files = (
			);
			runOnlyForDeploymentPostprocessing = 0;
		};
		BD671F9B250B8945002A9639 /* Frameworks */ = {
			isa = PBXFrameworksBuildPhase;
			buildActionMask = 2147483647;
			files = (
			);
			runOnlyForDeploymentPostprocessing = 0;
		};
/* End PBXFrameworksBuildPhase section */

/* Begin PBXGroup section */
		BD0123E2251DB00600C79B06 /* CabinetDecisions */ = {
			isa = PBXGroup;
			children = (
				BD0123E3251DB07700C79B06 /* CabinetDesicionViewController.swift */,
				BD0123E5251DB09D00C79B06 /* CabinetDecision.storyboard */,
				BD0123ED251DBE7500C79B06 /* CustomCabinetDecisionTableCell.swift */,
				BD0123EE251DBE7500C79B06 /* CustomCabinetDecisionTableCell.xib */,
			);
			path = CabinetDecisions;
			sourceTree = "<group>";
		};
		BD2BD0A9250F84B700C6798C /* cabinetMemos */ = {
			isa = PBXGroup;
			children = (
				BD2BD0AA250F850000C6798C /* CabinetMemosController.swift */,
				BD591AA1251322BA00880A25 /* CustomTableViewCell.swift */,
				BD591AA2251322BA00880A25 /* CustomTableViewCell.xib */,
				BD57AA2325137B5F008ED65C /* CabinetMemosStoryBoard.storyboard */,
			);
			path = cabinetMemos;
			sourceTree = "<group>";
		};
		BD41D307251A1F3D007B4EE6 /* cabinetMemoHistory */ = {
			isa = PBXGroup;
			children = (
				BD41D308251A1F92007B4EE6 /* CabinetHistoryController.swift */,
				BD41D30A251A1FE5007B4EE6 /* CabinetHistory.storyboard */,
				BDA050FF251A26A700FA5F51 /* CabinetHistoryTableViewCell.swift */,
				BDA05100251A26A700FA5F51 /* CabinetHistoryTableViewCell.xib */,
			);
			path = cabinetMemoHistory;
			sourceTree = "<group>";
		};
		BD59B306250E0DA900A304E8 /* Fonts */ = {
			isa = PBXGroup;
			children = (
				BD59B307250E0DC500A304E8 /* Poppins-SemiBold.ttf */,
			);
			path = Fonts;
			sourceTree = "<group>";
		};
		BD671F74250B893B002A9639 = {
			isa = PBXGroup;
			children = (
				BD671F7F250B893B002A9639 /* eCabinet1.0 */,
				BD671F96250B8944002A9639 /* eCabinet1.0Tests */,
				BD671FA1250B8945002A9639 /* eCabinet1.0UITests */,
				BD671F7E250B893B002A9639 /* Products */,
			);
			sourceTree = "<group>";
		};
		BD671F7E250B893B002A9639 /* Products */ = {
			isa = PBXGroup;
			children = (
				BD671F7D250B893B002A9639 /* eCabinet1.0.app */,
				BD671F93250B8944002A9639 /* eCabinet1.0Tests.xctest */,
				BD671F9E250B8945002A9639 /* eCabinet1.0UITests.xctest */,
			);
			name = Products;
			sourceTree = "<group>";
		};
		BD671F7F250B893B002A9639 /* eCabinet1.0 */ = {
			isa = PBXGroup;
			children = (
				BD9FA9CA252026CA00A11A25 /* DownloadManager */,
				BD0123E2251DB00600C79B06 /* CabinetDecisions */,
				BDA05103251A60B100FA5F51 /* cabinetMemoAttachments */,
				BD41D307251A1F3D007B4EE6 /* cabinetMemoHistory */,
				BD831F5D25147B4800AD3206 /* cabinetMemoDetails */,
				BD2BD0A9250F84B700C6798C /* cabinetMemos */,
				BD59B306250E0DA900A304E8 /* Fonts */,
				BD671F8E250B8943002A9639 /* Info.plist */,
				BD671FF2250B8ED3002A9639 /* views */,
				BD671FEB250B8EB2002A9639 /* Utilities */,
				BD671FE8250B8E7A002A9639 /* Service */,
				BD671FE5250B8E49002A9639 /* Network */,
				BD671FD0250B8E1C002A9639 /* Model */,
				BD671FCB250B8DD1002A9639 /* enums */,
				BD671FC8250B8D96002A9639 /* Controller */,
				BD671FBD250B8B74002A9639 /* Main */,
				BD671FB8250B8B2B002A9639 /* Login */,
				BD671FB5250B8A70002A9639 /* App */,
				BD671FB0250B8A37002A9639 /* Extentions */,
			);
			path = eCabinet1.0;
			sourceTree = "<group>";
		};
		BD671F96250B8944002A9639 /* eCabinet1.0Tests */ = {
			isa = PBXGroup;
			children = (
				BD671F97250B8944002A9639 /* eCabinet1_0Tests.swift */,
				BD671F99250B8945002A9639 /* Info.plist */,
			);
			path = eCabinet1.0Tests;
			sourceTree = "<group>";
		};
		BD671FA1250B8945002A9639 /* eCabinet1.0UITests */ = {
			isa = PBXGroup;
			children = (
				BD671FA2250B8945002A9639 /* eCabinet1_0UITests.swift */,
				BD671FA4250B8945002A9639 /* Info.plist */,
			);
			path = eCabinet1.0UITests;
			sourceTree = "<group>";
		};
		BD671FB0250B8A37002A9639 /* Extentions */ = {
			isa = PBXGroup;
			children = (
				BD671FCE250B8DFB002A9639 /* String+Base64Encode_Decode.swift */,
				BD671FB2250B8A55002A9639 /* UIApplication.swift */,
				BD671FB1250B8A55002A9639 /* UIViewController.swift */,
				BDFB341D250C76920044BE8D /* ImageView+URL.swift */,
				BD59B310250E2BE300A304E8 /* UIView+Bordor.swift */,
				BD41D2FF2518B58B007B4EE6 /* String+HTML.swift */,
				BD9FA9C0252021EA00A11A25 /* URL+Validation.swift */,
				BD87A319252419D40074FE69 /* TextFieldSize.swift */,
				BD74745F25BF230300B62B98 /* ImageView+Insets.swift */,
			);
			path = Extentions;
			sourceTree = "<group>";
		};
		BD671FB5250B8A70002A9639 /* App */ = {
			isa = PBXGroup;
			children = (
				BD671FC6250B8CFD002A9639 /* AppDelegate.swift */,
				BD671FC4250B8C04002A9639 /* LaunchScreen.storyboard */,
				BD671F89250B8943002A9639 /* Assets.xcassets */,
				BD671FB6250B8A91002A9639 /* AppStoryboard.swift */,
			);
			path = App;
			sourceTree = "<group>";
		};
		BD671FB8250B8B2B002A9639 /* Login */ = {
			isa = PBXGroup;
			children = (
				BD671FB9250B8B40002A9639 /* Login.storyboard */,
				BD671FBA250B8B40002A9639 /* LoginViewController.swift */,
			);
			path = Login;
			sourceTree = "<group>";
		};
		BD671FBD250B8B74002A9639 /* Main */ = {
			isa = PBXGroup;
			children = (
				BD671FC2250B8BA5002A9639 /* Main.storyboard */,
				BD671FBE250B8B87002A9639 /* MainViewController.swift */,
				BD671FBF250B8B87002A9639 /* SplashViewController.swift */,
				BD4EDFCF25BE91CC003CA5CE /* HamburgerViewController.swift */,
			);
			path = Main;
			sourceTree = "<group>";
		};
		BD671FC8250B8D96002A9639 /* Controller */ = {
			isa = PBXGroup;
			children = (
				BD671FC9250B8DAA002A9639 /* AlertViewController.swift */,
			);
			path = Controller;
			sourceTree = "<group>";
		};
		BD671FCB250B8DD1002A9639 /* enums */ = {
			isa = PBXGroup;
			children = (
				BD671FCC250B8DE3002A9639 /* TaskType.swift */,
			);
			path = enums;
			sourceTree = "<group>";
		};
		BD671FD0250B8E1C002A9639 /* Model */ = {
			isa = PBXGroup;
			children = (
				BD671FD5250B8E2F002A9639 /* Branches.swift */,
				BD671FD3250B8E2F002A9639 /* Departments.swift */,
				BD671FD4250B8E2F002A9639 /* GetPojo.swift */,
				BD671FD1250B8E2F002A9639 /* LoggedInUser.swift */,
				BD671FD8250B8E30002A9639 /* LoggedInUserDepartments.swift */,
				BD671FD7250B8E30002A9639 /* Roles.swift */,
				BD671FD9250B8E30002A9639 /* RsponseObject.swift */,
				BD671FD2250B8E2F002A9639 /* SavedUser.swift */,
				BD671FD6250B8E2F002A9639 /* StatusMessage.swift */,
				BD671FDA250B8E30002A9639 /* UserViaRoles.swift */,
				BDADE126250DDC34006244FB /* Menu.swift */,
				BD591AA52513456000880A25 /* CabinetMemo.swift */,
				BD41D2FD25189B9B007B4EE6 /* CabinetMemoDetailsObject.swift */,
				BD41D3012519CB4F007B4EE6 /* ListAnnuxtures.swift */,
				BD41D3032519CC34007B4EE6 /* ListCabinetMemoTrackingHistoryLists.swift */,
				BD41D3052519CCEC007B4EE6 /* ListConsiderationPoints.swift */,
				BD4DA53B251B2A7A00A139B4 /* PostObject.swift */,
				BD0123E7251DB9B100C79B06 /* Dates.swift */,
			);
			path = Model;
			sourceTree = "<group>";
		};
		BD671FE5250B8E49002A9639 /* Network */ = {
			isa = PBXGroup;
			children = (
				BD671FE6250B8E5C002A9639 /* NetworkUtility.swift */,
				BD1C50F9251C8CD300B0FA78 /* Reachability.swift */,
			);
			path = Network;
			sourceTree = "<group>";
		};
		BD671FE8250B8E7A002A9639 /* Service */ = {
			isa = PBXGroup;
			children = (
				BD671FE9250B8E8E002A9639 /* AlertService.swift */,
				BD9FA9D725204F1700A11A25 /* DownloadServiceDialog.swift */,
			);
			path = Service;
			sourceTree = "<group>";
		};
		BD671FEB250B8EB2002A9639 /* Utilities */ = {
			isa = PBXGroup;
			children = (
				BD671FED250B8EC3002A9639 /* Constants.swift */,
				BD671FEE250B8EC3002A9639 /* UtilitiesApp.swift */,
				BD671FEC250B8EC3002A9639 /* ViewControllerUtils.swift */,
				BD853328251F399000156C5B /* FileDownloader.swift */,
			);
			path = Utilities;
			sourceTree = "<group>";
		};
		BD671FF2250B8ED3002A9639 /* views */ = {
			isa = PBXGroup;
			children = (
				BD671FF3250B8EE5002A9639 /* AlertStoryboard.storyboard */,
				BDFB3424250CE73A0044BE8D /* CollectionViewCell.swift */,
				BDFB3425250CE73A0044BE8D /* CollectionViewCell.xib */,
				BD9FA9D3252048BA00A11A25 /* DownloadAlert.swift */,
				BD9FA9D5252048F500A11A25 /* DownloadAlert.storyboard */,
			);
			path = views;
			sourceTree = "<group>";
		};
		BD831F5D25147B4800AD3206 /* cabinetMemoDetails */ = {
			isa = PBXGroup;
			children = (
				BD831F5E25147B7E00AD3206 /* CabinetMemoDetailsController.swift */,
				BD831F6025147BAD00AD3206 /* CabinetMemoDetailsStoryBoard.storyboard */,
			);
			path = cabinetMemoDetails;
			sourceTree = "<group>";
		};
		BD9FA9CA252026CA00A11A25 /* DownloadManager */ = {
			isa = PBXGroup;
			children = (
				BD9FA9CF2520369300A11A25 /* SDDownloadManager.swift */,
				BD9FA9CD2520369300A11A25 /* SDDownloadObject.swift */,
				BD9FA9CE2520369300A11A25 /* SDFileUtils.swift */,
				BD9FA9CB25202BBE00A11A25 /* DownloadManager.swift */,
			);
			path = DownloadManager;
			sourceTree = "<group>";
		};
		BDA05103251A60B100FA5F51 /* cabinetMemoAttachments */ = {
			isa = PBXGroup;
			children = (
				BDA05104251AFFF900FA5F51 /* MemoAttachmentsController.swift */,
				BDA05106251B001500FA5F51 /* MemoAttachments.storyboard */,
				BDA05108251B014300FA5F51 /* AttachmentTableViewCell.swift */,
				BDA05109251B014300FA5F51 /* AttachmentTableViewCell.xib */,
			);
			path = cabinetMemoAttachments;
			sourceTree = "<group>";
		};
/* End PBXGroup section */

/* Begin PBXNativeTarget section */
		BD671F7C250B893B002A9639 /* eCabinet1.0 */ = {
			isa = PBXNativeTarget;
			buildConfigurationList = BD671FA7250B8945002A9639 /* Build configuration list for PBXNativeTarget "eCabinet1.0" */;
			buildPhases = (
				BD671F79250B893B002A9639 /* Sources */,
				BD671F7A250B893B002A9639 /* Frameworks */,
				BD671F7B250B893B002A9639 /* Resources */,
			);
			buildRules = (
			);
			dependencies = (
			);
			name = eCabinet1.0;
			packageProductDependencies = (
				BDFB3420250C7A0D0044BE8D /* Kingfisher */,
				BDFB3422250C7A0D0044BE8D /* KingfisherSwiftUI */,
				BD6AC87A25BD943800DA5BCC /* ImageSlideshow/Kingfisher */,
				BD6AC87C25BD943800DA5BCC /* ImageSlideshow/SDWebImage */,
				BD6AC87E25BD943800DA5BCC /* ImageSlideshow/Alamofire */,
				BD6AC88025BD943800DA5BCC /* ImageSlideshow */,
			);
			productName = eCabinet1.0;
			productReference = BD671F7D250B893B002A9639 /* eCabinet1.0.app */;
			productType = "com.apple.product-type.application";
		};
		BD671F92250B8944002A9639 /* eCabinet1.0Tests */ = {
			isa = PBXNativeTarget;
			buildConfigurationList = BD671FAA250B8945002A9639 /* Build configuration list for PBXNativeTarget "eCabinet1.0Tests" */;
			buildPhases = (
				BD671F8F250B8944002A9639 /* Sources */,
				BD671F90250B8944002A9639 /* Frameworks */,
				BD671F91250B8944002A9639 /* Resources */,
			);
			buildRules = (
			);
			dependencies = (
				BD671F95250B8944002A9639 /* PBXTargetDependency */,
			);
			name = eCabinet1.0Tests;
			productName = eCabinet1.0Tests;
			productReference = BD671F93250B8944002A9639 /* eCabinet1.0Tests.xctest */;
			productType = "com.apple.product-type.bundle.unit-test";
		};
		BD671F9D250B8945002A9639 /* eCabinet1.0UITests */ = {
			isa = PBXNativeTarget;
			buildConfigurationList = BD671FAD250B8945002A9639 /* Build configuration list for PBXNativeTarget "eCabinet1.0UITests" */;
			buildPhases = (
				BD671F9A250B8945002A9639 /* Sources */,
				BD671F9B250B8945002A9639 /* Frameworks */,
				BD671F9C250B8945002A9639 /* Resources */,
			);
			buildRules = (
			);
			dependencies = (
				BD671FA0250B8945002A9639 /* PBXTargetDependency */,
			);
			name = eCabinet1.0UITests;
			productName = eCabinet1.0UITests;
			productReference = BD671F9E250B8945002A9639 /* eCabinet1.0UITests.xctest */;
			productType = "com.apple.product-type.bundle.ui-testing";
		};
/* End PBXNativeTarget section */

/* Begin PBXProject section */
		BD671F75250B893B002A9639 /* Project object */ = {
			isa = PBXProject;
			attributes = {
				LastSwiftUpdateCheck = 1160;
				LastUpgradeCheck = 1160;
				ORGANIZATIONNAME = "HP-DIT";
				TargetAttributes = {
					BD671F7C250B893B002A9639 = {
						CreatedOnToolsVersion = 11.6;
					};
					BD671F92250B8944002A9639 = {
						CreatedOnToolsVersion = 11.6;
						TestTargetID = BD671F7C250B893B002A9639;
					};
					BD671F9D250B8945002A9639 = {
						CreatedOnToolsVersion = 11.6;
						TestTargetID = BD671F7C250B893B002A9639;
					};
				};
			};
			buildConfigurationList = BD671F78250B893B002A9639 /* Build configuration list for PBXProject "eCabinet1.0" */;
			compatibilityVersion = "Xcode 9.3";
			developmentRegion = en;
			hasScannedForEncodings = 0;
			knownRegions = (
				en,
				Base,
			);
			mainGroup = BD671F74250B893B002A9639;
			packageReferences = (
				BDFB341F250C7A0D0044BE8D /* XCRemoteSwiftPackageReference "Kingfisher" */,
				BD6AC87925BD943800DA5BCC /* XCRemoteSwiftPackageReference "ImageSlideshow" */,
			);
			productRefGroup = BD671F7E250B893B002A9639 /* Products */;
			projectDirPath = "";
			projectRoot = "";
			targets = (
				BD671F7C250B893B002A9639 /* eCabinet1.0 */,
				BD671F92250B8944002A9639 /* eCabinet1.0Tests */,
				BD671F9D250B8945002A9639 /* eCabinet1.0UITests */,
			);
		};
/* End PBXProject section */

/* Begin PBXResourcesBuildPhase section */
		BD671F7B250B893B002A9639 /* Resources */ = {
			isa = PBXResourcesBuildPhase;
			buildActionMask = 2147483647;
			files = (
				BD671FBB250B8B40002A9639 /* Login.storyboard in Resources */,
				BD59B308250E0DC500A304E8 /* Poppins-SemiBold.ttf in Resources */,
				BD0123F0251DBE7500C79B06 /* CustomCabinetDecisionTableCell.xib in Resources */,
				BDA05107251B001500FA5F51 /* MemoAttachments.storyboard in Resources */,
				BD671FC5250B8C04002A9639 /* LaunchScreen.storyboard in Resources */,
				BDA05102251A26A700FA5F51 /* CabinetHistoryTableViewCell.xib in Resources */,
				BDFB3427250CE73A0044BE8D /* CollectionViewCell.xib in Resources */,
				BD591AA4251322BA00880A25 /* CustomTableViewCell.xib in Resources */,
				BD671FC3250B8BA5002A9639 /* Main.storyboard in Resources */,
				BD671F8A250B8943002A9639 /* Assets.xcassets in Resources */,
				BD57AA2425137B5F008ED65C /* CabinetMemosStoryBoard.storyboard in Resources */,
				BD671FF4250B8EE5002A9639 /* AlertStoryboard.storyboard in Resources */,
				BD831F6125147BAD00AD3206 /* CabinetMemoDetailsStoryBoard.storyboard in Resources */,
				BDA0510B251B014300FA5F51 /* AttachmentTableViewCell.xib in Resources */,
				BD41D30B251A1FE5007B4EE6 /* CabinetHistory.storyboard in Resources */,
				BD9FA9D6252048F500A11A25 /* DownloadAlert.storyboard in Resources */,
				BD0123E6251DB09D00C79B06 /* CabinetDecision.storyboard in Resources */,
			);
			runOnlyForDeploymentPostprocessing = 0;
		};
		BD671F91250B8944002A9639 /* Resources */ = {
			isa = PBXResourcesBuildPhase;
			buildActionMask = 2147483647;
			files = (
				BD59B309250E0DC500A304E8 /* Poppins-SemiBold.ttf in Resources */,
			);
			runOnlyForDeploymentPostprocessing = 0;
		};
		BD671F9C250B8945002A9639 /* Resources */ = {
			isa = PBXResourcesBuildPhase;
			buildActionMask = 2147483647;
			files = (
				BD59B30A250E0DC500A304E8 /* Poppins-SemiBold.ttf in Resources */,
			);
			runOnlyForDeploymentPostprocessing = 0;
		};
/* End PBXResourcesBuildPhase section */

/* Begin PBXSourcesBuildPhase section */
		BD671F79250B893B002A9639 /* Sources */ = {
			isa = PBXSourcesBuildPhase;
			buildActionMask = 2147483647;
			files = (
				BD74746025BF230300B62B98 /* ImageView+Insets.swift in Sources */,
				BD41D3022519CB4F007B4EE6 /* ListAnnuxtures.swift in Sources */,
				BD671FEA250B8E8E002A9639 /* AlertService.swift in Sources */,
				BD671FC0250B8B87002A9639 /* MainViewController.swift in Sources */,
				BD41D2FE25189B9B007B4EE6 /* CabinetMemoDetailsObject.swift in Sources */,
				BD9FA9C1252021EB00A11A25 /* URL+Validation.swift in Sources */,
				BDADE127250DDC34006244FB /* Menu.swift in Sources */,
				BD671FE4250B8E30002A9639 /* UserViaRoles.swift in Sources */,
				BD671FDB250B8E30002A9639 /* LoggedInUser.swift in Sources */,
				BD0123E4251DB07700C79B06 /* CabinetDesicionViewController.swift in Sources */,
				BD671FBC250B8B40002A9639 /* LoginViewController.swift in Sources */,
				BD0123EF251DBE7500C79B06 /* CustomCabinetDecisionTableCell.swift in Sources */,
				BDA05105251AFFF900FA5F51 /* MemoAttachmentsController.swift in Sources */,
				BD4DA53C251B2A7A00A139B4 /* PostObject.swift in Sources */,
				BD671FCF250B8DFB002A9639 /* String+Base64Encode_Decode.swift in Sources */,
				BD9FA9D825204F1700A11A25 /* DownloadServiceDialog.swift in Sources */,
				BD671FB7250B8A91002A9639 /* AppStoryboard.swift in Sources */,
				BD671FCA250B8DAA002A9639 /* AlertViewController.swift in Sources */,
				BD9FA9D4252048BA00A11A25 /* DownloadAlert.swift in Sources */,
				BDFB341E250C76920044BE8D /* ImageView+URL.swift in Sources */,
				BD41D3002518B58B007B4EE6 /* String+HTML.swift in Sources */,
				BD671FE3250B8E30002A9639 /* RsponseObject.swift in Sources */,
				BD9FA9D02520369300A11A25 /* SDDownloadObject.swift in Sources */,
				BD0123E8251DB9B100C79B06 /* Dates.swift in Sources */,
				BD671FDE250B8E30002A9639 /* GetPojo.swift in Sources */,
				BD59B311250E2BE300A304E8 /* UIView+Bordor.swift in Sources */,
				BD1C50FA251C8CD300B0FA78 /* Reachability.swift in Sources */,
				BD9FA9D12520369300A11A25 /* SDFileUtils.swift in Sources */,
				BD671FE0250B8E30002A9639 /* StatusMessage.swift in Sources */,
				BD671FB4250B8A55002A9639 /* UIApplication.swift in Sources */,
				BD671FDD250B8E30002A9639 /* Departments.swift in Sources */,
				BD591AA62513456000880A25 /* CabinetMemo.swift in Sources */,
				BD41D309251A1F93007B4EE6 /* CabinetHistoryController.swift in Sources */,
				BDA0510A251B014300FA5F51 /* AttachmentTableViewCell.swift in Sources */,
				BD671FF1250B8EC3002A9639 /* UtilitiesApp.swift in Sources */,
				BD671FC7250B8CFD002A9639 /* AppDelegate.swift in Sources */,
				BD853329251F399000156C5B /* FileDownloader.swift in Sources */,
				BD831F5F25147B7E00AD3206 /* CabinetMemoDetailsController.swift in Sources */,
				BD2BD0AB250F850000C6798C /* CabinetMemosController.swift in Sources */,
				BD591AA3251322BA00880A25 /* CustomTableViewCell.swift in Sources */,
				BD41D3042519CC34007B4EE6 /* ListCabinetMemoTrackingHistoryLists.swift in Sources */,
				BD671FE7250B8E5C002A9639 /* NetworkUtility.swift in Sources */,
				BD671FEF250B8EC3002A9639 /* ViewControllerUtils.swift in Sources */,
				BD87A31A252419D40074FE69 /* TextFieldSize.swift in Sources */,
				BD671FDC250B8E30002A9639 /* SavedUser.swift in Sources */,
				BD9FA9D22520369300A11A25 /* SDDownloadManager.swift in Sources */,
				BD671FB3250B8A55002A9639 /* UIViewController.swift in Sources */,
				BD9FA9CC25202BBE00A11A25 /* DownloadManager.swift in Sources */,
				BDFB3426250CE73A0044BE8D /* CollectionViewCell.swift in Sources */,
				BD671FDF250B8E30002A9639 /* Branches.swift in Sources */,
				BD671FE1250B8E30002A9639 /* Roles.swift in Sources */,
				BD41D3062519CCEC007B4EE6 /* ListConsiderationPoints.swift in Sources */,
				BD671FE2250B8E30002A9639 /* LoggedInUserDepartments.swift in Sources */,
				BD671FCD250B8DE4002A9639 /* TaskType.swift in Sources */,
				BDA05101251A26A700FA5F51 /* CabinetHistoryTableViewCell.swift in Sources */,
				BD4EDFD025BE91CC003CA5CE /* HamburgerViewController.swift in Sources */,
				BD671FC1250B8B87002A9639 /* SplashViewController.swift in Sources */,
				BD671FF0250B8EC3002A9639 /* Constants.swift in Sources */,
			);
			runOnlyForDeploymentPostprocessing = 0;
		};
		BD671F8F250B8944002A9639 /* Sources */ = {
			isa = PBXSourcesBuildPhase;
			buildActionMask = 2147483647;
			files = (
				BD59B312250E2BE300A304E8 /* UIView+Bordor.swift in Sources */,
				BD671F98250B8944002A9639 /* eCabinet1_0Tests.swift in Sources */,
			);
			runOnlyForDeploymentPostprocessing = 0;
		};
		BD671F9A250B8945002A9639 /* Sources */ = {
			isa = PBXSourcesBuildPhase;
			buildActionMask = 2147483647;
			files = (
				BD59B313250E2BE300A304E8 /* UIView+Bordor.swift in Sources */,
				BD671FA3250B8945002A9639 /* eCabinet1_0UITests.swift in Sources */,
			);
			runOnlyForDeploymentPostprocessing = 0;
		};
/* End PBXSourcesBuildPhase section */

/* Begin PBXTargetDependency section */
		BD671F95250B8944002A9639 /* PBXTargetDependency */ = {
			isa = PBXTargetDependency;
			target = BD671F7C250B893B002A9639 /* eCabinet1.0 */;
			targetProxy = BD671F94250B8944002A9639 /* PBXContainerItemProxy */;
		};
		BD671FA0250B8945002A9639 /* PBXTargetDependency */ = {
			isa = PBXTargetDependency;
			target = BD671F7C250B893B002A9639 /* eCabinet1.0 */;
			targetProxy = BD671F9F250B8945002A9639 /* PBXContainerItemProxy */;
		};
/* End PBXTargetDependency section */

/* Begin XCBuildConfiguration section */
		BD671FA5250B8945002A9639 /* Debug */ = {
			isa = XCBuildConfiguration;
			buildSettings = {
				ALWAYS_SEARCH_USER_PATHS = NO;
				CLANG_ANALYZER_NONNULL = YES;
				CLANG_ANALYZER_NUMBER_OBJECT_CONVERSION = YES_AGGRESSIVE;
				CLANG_CXX_LANGUAGE_STANDARD = "gnu++14";
				CLANG_CXX_LIBRARY = "libc++";
				CLANG_ENABLE_MODULES = YES;
				CLANG_ENABLE_OBJC_ARC = YES;
				CLANG_ENABLE_OBJC_WEAK = YES;
				CLANG_WARN_BLOCK_CAPTURE_AUTORELEASING = YES;
				CLANG_WARN_BOOL_CONVERSION = YES;
				CLANG_WARN_COMMA = YES;
				CLANG_WARN_CONSTANT_CONVERSION = YES;
				CLANG_WARN_DEPRECATED_OBJC_IMPLEMENTATIONS = YES;
				CLANG_WARN_DIRECT_OBJC_ISA_USAGE = YES_ERROR;
				CLANG_WARN_DOCUMENTATION_COMMENTS = YES;
				CLANG_WARN_EMPTY_BODY = YES;
				CLANG_WARN_ENUM_CONVERSION = YES;
				CLANG_WARN_INFINITE_RECURSION = YES;
				CLANG_WARN_INT_CONVERSION = YES;
				CLANG_WARN_NON_LITERAL_NULL_CONVERSION = YES;
				CLANG_WARN_OBJC_IMPLICIT_RETAIN_SELF = YES;
				CLANG_WARN_OBJC_LITERAL_CONVERSION = YES;
				CLANG_WARN_OBJC_ROOT_CLASS = YES_ERROR;
				CLANG_WARN_RANGE_LOOP_ANALYSIS = YES;
				CLANG_WARN_STRICT_PROTOTYPES = YES;
				CLANG_WARN_SUSPICIOUS_MOVE = YES;
				CLANG_WARN_UNGUARDED_AVAILABILITY = YES_AGGRESSIVE;
				CLANG_WARN_UNREACHABLE_CODE = YES;
				CLANG_WARN__DUPLICATE_METHOD_MATCH = YES;
				COPY_PHASE_STRIP = NO;
				DEBUG_INFORMATION_FORMAT = dwarf;
				ENABLE_STRICT_OBJC_MSGSEND = YES;
				ENABLE_TESTABILITY = YES;
				GCC_C_LANGUAGE_STANDARD = gnu11;
				GCC_DYNAMIC_NO_PIC = NO;
				GCC_NO_COMMON_BLOCKS = YES;
				GCC_OPTIMIZATION_LEVEL = 0;
				GCC_PREPROCESSOR_DEFINITIONS = (
					"DEBUG=1",
					"$(inherited)",
				);
				GCC_WARN_64_TO_32_BIT_CONVERSION = YES;
				GCC_WARN_ABOUT_RETURN_TYPE = YES_ERROR;
				GCC_WARN_UNDECLARED_SELECTOR = YES;
				GCC_WARN_UNINITIALIZED_AUTOS = YES_AGGRESSIVE;
				GCC_WARN_UNUSED_FUNCTION = YES;
				GCC_WARN_UNUSED_VARIABLE = YES;
				IPHONEOS_DEPLOYMENT_TARGET = 11.2;
				MTL_ENABLE_DEBUG_INFO = INCLUDE_SOURCE;
				MTL_FAST_MATH = YES;
				ONLY_ACTIVE_ARCH = YES;
				SDKROOT = iphoneos;
				SWIFT_ACTIVE_COMPILATION_CONDITIONS = DEBUG;
				SWIFT_OPTIMIZATION_LEVEL = "-Onone";
			};
			name = Debug;
		};
		BD671FA6250B8945002A9639 /* Release */ = {
			isa = XCBuildConfiguration;
			buildSettings = {
				ALWAYS_SEARCH_USER_PATHS = NO;
				CLANG_ANALYZER_NONNULL = YES;
				CLANG_ANALYZER_NUMBER_OBJECT_CONVERSION = YES_AGGRESSIVE;
				CLANG_CXX_LANGUAGE_STANDARD = "gnu++14";
				CLANG_CXX_LIBRARY = "libc++";
				CLANG_ENABLE_MODULES = YES;
				CLANG_ENABLE_OBJC_ARC = YES;
				CLANG_ENABLE_OBJC_WEAK = YES;
				CLANG_WARN_BLOCK_CAPTURE_AUTORELEASING = YES;
				CLANG_WARN_BOOL_CONVERSION = YES;
				CLANG_WARN_COMMA = YES;
				CLANG_WARN_CONSTANT_CONVERSION = YES;
				CLANG_WARN_DEPRECATED_OBJC_IMPLEMENTATIONS = YES;
				CLANG_WARN_DIRECT_OBJC_ISA_USAGE = YES_ERROR;
				CLANG_WARN_DOCUMENTATION_COMMENTS = YES;
				CLANG_WARN_EMPTY_BODY = YES;
				CLANG_WARN_ENUM_CONVERSION = YES;
				CLANG_WARN_INFINITE_RECURSION = YES;
				CLANG_WARN_INT_CONVERSION = YES;
				CLANG_WARN_NON_LITERAL_NULL_CONVERSION = YES;
				CLANG_WARN_OBJC_IMPLICIT_RETAIN_SELF = YES;
				CLANG_WARN_OBJC_LITERAL_CONVERSION = YES;
				CLANG_WARN_OBJC_ROOT_CLASS = YES_ERROR;
				CLANG_WARN_RANGE_LOOP_ANALYSIS = YES;
				CLANG_WARN_STRICT_PROTOTYPES = YES;
				CLANG_WARN_SUSPICIOUS_MOVE = YES;
				CLANG_WARN_UNGUARDED_AVAILABILITY = YES_AGGRESSIVE;
				CLANG_WARN_UNREACHABLE_CODE = YES;
				CLANG_WARN__DUPLICATE_METHOD_MATCH = YES;
				COPY_PHASE_STRIP = NO;
				DEBUG_INFORMATION_FORMAT = "dwarf-with-dsym";
				ENABLE_NS_ASSERTIONS = NO;
				ENABLE_STRICT_OBJC_MSGSEND = YES;
				GCC_C_LANGUAGE_STANDARD = gnu11;
				GCC_NO_COMMON_BLOCKS = YES;
				GCC_WARN_64_TO_32_BIT_CONVERSION = YES;
				GCC_WARN_ABOUT_RETURN_TYPE = YES_ERROR;
				GCC_WARN_UNDECLARED_SELECTOR = YES;
				GCC_WARN_UNINITIALIZED_AUTOS = YES_AGGRESSIVE;
				GCC_WARN_UNUSED_FUNCTION = YES;
				GCC_WARN_UNUSED_VARIABLE = YES;
				IPHONEOS_DEPLOYMENT_TARGET = 11.2;
				MTL_ENABLE_DEBUG_INFO = NO;
				MTL_FAST_MATH = YES;
				SDKROOT = iphoneos;
				SWIFT_COMPILATION_MODE = wholemodule;
				SWIFT_OPTIMIZATION_LEVEL = "-O";
				VALIDATE_PRODUCT = YES;
			};
			name = Release;
		};
		BD671FA8250B8945002A9639 /* Debug */ = {
			isa = XCBuildConfiguration;
			buildSettings = {
				ASSETCATALOG_COMPILER_APPICON_NAME = AppIcon;
				CODE_SIGN_IDENTITY = "Apple Development";
				CODE_SIGN_STYLE = Automatic;
				CURRENT_PROJECT_VERSION = 2;
				DEVELOPMENT_TEAM = 8V72THF3KT;
				INFOPLIST_FILE = eCabinet1.0/Info.plist;
				IPHONEOS_DEPLOYMENT_TARGET = 13.6;
				LD_RUNPATH_SEARCH_PATHS = (
					"$(inherited)",
					"@executable_path/Frameworks",
				);
				MARKETING_VERSION = 1.1;
				PRODUCT_BUNDLE_IDENTIFIER = com.hp.dit.eCabinet;
				PRODUCT_NAME = "$(TARGET_NAME)";
				PROVISIONING_PROFILE_SPECIFIER = "";
				SWIFT_VERSION = 5.0;
				TARGETED_DEVICE_FAMILY = 1;
			};
			name = Debug;
		};
		BD671FA9250B8945002A9639 /* Release */ = {
			isa = XCBuildConfiguration;
			buildSettings = {
				ASSETCATALOG_COMPILER_APPICON_NAME = AppIcon;
				CODE_SIGN_IDENTITY = "Apple Development";
				CODE_SIGN_STYLE = Automatic;
				CURRENT_PROJECT_VERSION = 2;
				DEVELOPMENT_TEAM = 8V72THF3KT;
				INFOPLIST_FILE = eCabinet1.0/Info.plist;
				IPHONEOS_DEPLOYMENT_TARGET = 13.6;
				LD_RUNPATH_SEARCH_PATHS = (
					"$(inherited)",
					"@executable_path/Frameworks",
				);
				MARKETING_VERSION = 1.1;
				PRODUCT_BUNDLE_IDENTIFIER = com.hp.ecabinet;
				PRODUCT_NAME = "$(TARGET_NAME)";
				PROVISIONING_PROFILE_SPECIFIER = "";
				SWIFT_VERSION = 5.0;
				TARGETED_DEVICE_FAMILY = 1;
			};
			name = Release;
		};
		BD671FAB250B8945002A9639 /* Debug */ = {
			isa = XCBuildConfiguration;
			buildSettings = {
				ALWAYS_EMBED_SWIFT_STANDARD_LIBRARIES = YES;
				BUNDLE_LOADER = "$(TEST_HOST)";
				CODE_SIGN_STYLE = Automatic;
				DEVELOPMENT_TEAM = B2M42KSX9K;
				INFOPLIST_FILE = eCabinet1.0Tests/Info.plist;
				IPHONEOS_DEPLOYMENT_TARGET = 13.6;
				LD_RUNPATH_SEARCH_PATHS = (
					"$(inherited)",
					"@executable_path/Frameworks",
					"@loader_path/Frameworks",
				);
				PRODUCT_BUNDLE_IDENTIFIER = "com.hp.dit.eCabinet1-0Tests";
				PRODUCT_NAME = "$(TARGET_NAME)";
				SWIFT_VERSION = 5.0;
				TARGETED_DEVICE_FAMILY = "1,2";
				TEST_HOST = "$(BUILT_PRODUCTS_DIR)/eCabinet1.0.app/eCabinet1.0";
			};
			name = Debug;
		};
		BD671FAC250B8945002A9639 /* Release */ = {
			isa = XCBuildConfiguration;
			buildSettings = {
				ALWAYS_EMBED_SWIFT_STANDARD_LIBRARIES = YES;
				BUNDLE_LOADER = "$(TEST_HOST)";
				CODE_SIGN_STYLE = Automatic;
				DEVELOPMENT_TEAM = B2M42KSX9K;
				INFOPLIST_FILE = eCabinet1.0Tests/Info.plist;
				IPHONEOS_DEPLOYMENT_TARGET = 13.6;
				LD_RUNPATH_SEARCH_PATHS = (
					"$(inherited)",
					"@executable_path/Frameworks",
					"@loader_path/Frameworks",
				);
				PRODUCT_BUNDLE_IDENTIFIER = "com.hp.dit.eCabinet1-0Tests";
				PRODUCT_NAME = "$(TARGET_NAME)";
				SWIFT_VERSION = 5.0;
				TARGETED_DEVICE_FAMILY = "1,2";
				TEST_HOST = "$(BUILT_PRODUCTS_DIR)/eCabinet1.0.app/eCabinet1.0";
			};
			name = Release;
		};
		BD671FAE250B8945002A9639 /* Debug */ = {
			isa = XCBuildConfiguration;
			buildSettings = {
				ALWAYS_EMBED_SWIFT_STANDARD_LIBRARIES = YES;
				CODE_SIGN_STYLE = Automatic;
				DEVELOPMENT_TEAM = B2M42KSX9K;
				INFOPLIST_FILE = eCabinet1.0UITests/Info.plist;
				LD_RUNPATH_SEARCH_PATHS = (
					"$(inherited)",
					"@executable_path/Frameworks",
					"@loader_path/Frameworks",
				);
				PRODUCT_BUNDLE_IDENTIFIER = "com.hp.dit.eCabinet1-0UITests";
				PRODUCT_NAME = "$(TARGET_NAME)";
				SWIFT_VERSION = 5.0;
				TARGETED_DEVICE_FAMILY = "1,2";
				TEST_TARGET_NAME = eCabinet1.0;
			};
			name = Debug;
		};
		BD671FAF250B8945002A9639 /* Release */ = {
			isa = XCBuildConfiguration;
			buildSettings = {
				ALWAYS_EMBED_SWIFT_STANDARD_LIBRARIES = YES;
				CODE_SIGN_STYLE = Automatic;
				DEVELOPMENT_TEAM = B2M42KSX9K;
				INFOPLIST_FILE = eCabinet1.0UITests/Info.plist;
				LD_RUNPATH_SEARCH_PATHS = (
					"$(inherited)",
					"@executable_path/Frameworks",
					"@loader_path/Frameworks",
				);
				PRODUCT_BUNDLE_IDENTIFIER = "com.hp.dit.eCabinet1-0UITests";
				PRODUCT_NAME = "$(TARGET_NAME)";
				SWIFT_VERSION = 5.0;
				TARGETED_DEVICE_FAMILY = "1,2";
				TEST_TARGET_NAME = eCabinet1.0;
			};
			name = Release;
		};
/* End XCBuildConfiguration section */

/* Begin XCConfigurationList section */
		BD671F78250B893B002A9639 /* Build configuration list for PBXProject "eCabinet1.0" */ = {
			isa = XCConfigurationList;
			buildConfigurations = (
				BD671FA5250B8945002A9639 /* Debug */,
				BD671FA6250B8945002A9639 /* Release */,
			);
			defaultConfigurationIsVisible = 0;
			defaultConfigurationName = Release;
		};
		BD671FA7250B8945002A9639 /* Build configuration list for PBXNativeTarget "eCabinet1.0" */ = {
			isa = XCConfigurationList;
			buildConfigurations = (
				BD671FA8250B8945002A9639 /* Debug */,
				BD671FA9250B8945002A9639 /* Release */,
			);
			defaultConfigurationIsVisible = 0;
			defaultConfigurationName = Release;
		};
		BD671FAA250B8945002A9639 /* Build configuration list for PBXNativeTarget "eCabinet1.0Tests" */ = {
			isa = XCConfigurationList;
			buildConfigurations = (
				BD671FAB250B8945002A9639 /* Debug */,
				BD671FAC250B8945002A9639 /* Release */,
			);
			defaultConfigurationIsVisible = 0;
			defaultConfigurationName = Release;
		};
		BD671FAD250B8945002A9639 /* Build configuration list for PBXNativeTarget "eCabinet1.0UITests" */ = {
			isa = XCConfigurationList;
			buildConfigurations = (
				BD671FAE250B8945002A9639 /* Debug */,
				BD671FAF250B8945002A9639 /* Release */,
			);
			defaultConfigurationIsVisible = 0;
			defaultConfigurationName = Release;
		};
/* End XCConfigurationList section */

/* Begin XCRemoteSwiftPackageReference section */
		BD6AC87925BD943800DA5BCC /* XCRemoteSwiftPackageReference "ImageSlideshow" */ = {
			isa = XCRemoteSwiftPackageReference;
			repositoryURL = "https://github.com/zvonicek/ImageSlideshow.git";
			requirement = {
				kind = exactVersion;
				version = 1.9.0;
			};
		};
		BDFB341F250C7A0D0044BE8D /* XCRemoteSwiftPackageReference "Kingfisher" */ = {
			isa = XCRemoteSwiftPackageReference;
			repositoryURL = "https://github.com/onevcat/Kingfisher.git";
			requirement = {
				kind = upToNextMajorVersion;
				minimumVersion = 5.15.0;
			};
		};
/* End XCRemoteSwiftPackageReference section */

/* Begin XCSwiftPackageProductDependency section */
		BD6AC87A25BD943800DA5BCC /* ImageSlideshow/Kingfisher */ = {
			isa = XCSwiftPackageProductDependency;
			package = BD6AC87925BD943800DA5BCC /* XCRemoteSwiftPackageReference "ImageSlideshow" */;
			productName = ImageSlideshow/Kingfisher;
		};
		BD6AC87C25BD943800DA5BCC /* ImageSlideshow/SDWebImage */ = {
			isa = XCSwiftPackageProductDependency;
			package = BD6AC87925BD943800DA5BCC /* XCRemoteSwiftPackageReference "ImageSlideshow" */;
			productName = ImageSlideshow/SDWebImage;
		};
		BD6AC87E25BD943800DA5BCC /* ImageSlideshow/Alamofire */ = {
			isa = XCSwiftPackageProductDependency;
			package = BD6AC87925BD943800DA5BCC /* XCRemoteSwiftPackageReference "ImageSlideshow" */;
			productName = ImageSlideshow/Alamofire;
		};
		BD6AC88025BD943800DA5BCC /* ImageSlideshow */ = {
			isa = XCSwiftPackageProductDependency;
			package = BD6AC87925BD943800DA5BCC /* XCRemoteSwiftPackageReference "ImageSlideshow" */;
			productName = ImageSlideshow;
		};
		BDFB3420250C7A0D0044BE8D /* Kingfisher */ = {
			isa = XCSwiftPackageProductDependency;
			package = BDFB341F250C7A0D0044BE8D /* XCRemoteSwiftPackageReference "Kingfisher" */;
			productName = Kingfisher;
		};
		BDFB3422250C7A0D0044BE8D /* KingfisherSwiftUI */ = {
			isa = XCSwiftPackageProductDependency;
			package = BDFB341F250C7A0D0044BE8D /* XCRemoteSwiftPackageReference "Kingfisher" */;
			productName = KingfisherSwiftUI;
		};
/* End XCSwiftPackageProductDependency section */
	};
	rootObject = BD671F75250B893B002A9639 /* Project object */;
}
